
Microsoft Visual Studio Solution File, Format Version 12.00
# Visual Studio Version 17
VisualStudioVersion = 17.7.34221.43
MinimumVisualStudioVersion = 10.0.40219.1
Project("{FAE04EC0-301F-11D3-BF4B-00C04F79EFBC}") = "TEstGITIGNORE", "TEstGITIGNORE\TEstGITIGNORE.csproj", "{D8DADAE3-1F7A-4CEA-AB9B-74BBB59DF0C7}"
EndProject
Global
	GlobalSection(SolutionConfigurationPlatforms) = preSolution
		Debug|Any CPU = Debug|Any CPU
		Release|Any CPU = Release|Any CPU
	EndGlobalSection
	GlobalSection(ProjectConfigurationPlatforms) = postSolution
		{D8DADAE3-1F7A-4CEA-AB9B-74BBB59DF0C7}.Debug|Any CPU.ActiveCfg = Debug|Any CPU
		{D8DADAE3-1F7A-4CEA-AB9B-74BBB59DF0C7}.Debug|Any CPU.Build.0 = Debug|Any CPU
		{D8DADAE3-1F7A-4CEA-AB9B-74BBB59DF0C7}.Release|Any CPU.ActiveCfg = Release|Any CPU
		{D8DADAE3-1F7A-4CEA-AB9B-74BBB59DF0C7}.Release|Any CPU.Build.0 = Release|Any CPU
	EndGlobalSection
	GlobalSection(SolutionProperties) = preSolution
		HideSolutionNode = FALSE
	EndGlobalSection
	GlobalSection(ExtensibilityGlobals) = postSolution
		SolutionGuid = {FE6A2A9D-2FBF-41DF-B199-73ADA0AB3EE8}
	EndGlobalSection
EndGlobal
